// !$*UTF8*$!
{
	archiveVersion = 1;
	classes = {
	};
	objectVersion = 46;
	objects = {

/* Begin PBXBuildFile section */
		D7063A0D17FF2A0000419FFC /* AldPaddleView.m in Sources */ = {isa = PBXBuildFile; fileRef = D7063A0C17FF2A0000419FFC /* AldPaddleView.m */; };
		D7063A0F17FF2ACF00419FFC /* paddle.jpg in Resources */ = {isa = PBXBuildFile; fileRef = D7063A0E17FF2ACF00419FFC /* paddle.jpg */; };
		D73AAB8517FAF03000DC2B59 /* AldSettingsViewController.m in Sources */ = {isa = PBXBuildFile; fileRef = D73AAB8417FAF03000DC2B59 /* AldSettingsViewController.m */; };
		D745BEAD17FEB54600D11DC2 /* rough.jpg in Resources */ = {isa = PBXBuildFile; fileRef = D745BEAC17FEB54600D11DC2 /* rough.jpg */; };
		D745BEAF17FEB78F00D11DC2 /* planet.png in Resources */ = {isa = PBXBuildFile; fileRef = D745BEAE17FEB78F00D11DC2 /* planet.png */; };
		D745BEB217FEB7B900D11DC2 /* AldBallView.m in Sources */ = {isa = PBXBuildFile; fileRef = D745BEB117FEB7B900D11DC2 /* AldBallView.m */; };
		D74DA29817F84FAD00DBE019 /* AldBall.m in Sources */ = {isa = PBXBuildFile; fileRef = D74DA29717F84FAD00DBE019 /* AldBall.m */; };
		D74DA29A17F85A4200DBE019 /* QuartzCore.framework in Frameworks */ = {isa = PBXBuildFile; fileRef = D74DA29917F85A4200DBE019 /* QuartzCore.framework */; };
		D76AEAAE17F5B6CC0075BA5F /* UIKit.framework in Frameworks */ = {isa = PBXBuildFile; fileRef = D76AEAAD17F5B6CC0075BA5F /* UIKit.framework */; };
		D76AEAB017F5B6CC0075BA5F /* Foundation.framework in Frameworks */ = {isa = PBXBuildFile; fileRef = D76AEAAF17F5B6CC0075BA5F /* Foundation.framework */; };
		D76AEAB217F5B6CC0075BA5F /* CoreGraphics.framework in Frameworks */ = {isa = PBXBuildFile; fileRef = D76AEAB117F5B6CC0075BA5F /* CoreGraphics.framework */; };
		D76AEABA17F5B6CC0075BA5F /* InfoPlist.strings in Resources */ = {isa = PBXBuildFile; fileRef = D76AEAB817F5B6CC0075BA5F /* InfoPlist.strings */; };
		D76AEABC17F5B6CC0075BA5F /* main.m in Sources */ = {isa = PBXBuildFile; fileRef = D76AEABB17F5B6CC0075BA5F /* main.m */; };
		D76AEAC017F5B6CC0075BA5F /* AldAppDelegate.m in Sources */ = {isa = PBXBuildFile; fileRef = D76AEABF17F5B6CC0075BA5F /* AldAppDelegate.m */; };
		D76AEAC217F5B6CC0075BA5F /* Default.png in Resources */ = {isa = PBXBuildFile; fileRef = D76AEAC117F5B6CC0075BA5F /* Default.png */; };
		D76AEAC417F5B6CC0075BA5F /* Default@2x.png in Resources */ = {isa = PBXBuildFile; fileRef = D76AEAC317F5B6CC0075BA5F /* Default@2x.png */; };
		D76AEAC617F5B6CC0075BA5F /* Default-568h@2x.png in Resources */ = {isa = PBXBuildFile; fileRef = D76AEAC517F5B6CC0075BA5F /* Default-568h@2x.png */; };
		D76AEAC917F5B6CC0075BA5F /* MainStoryboard.storyboard in Resources */ = {isa = PBXBuildFile; fileRef = D76AEAC717F5B6CC0075BA5F /* MainStoryboard.storyboard */; };
		D76AEEC717F8769D0024EA07 /* AldPaddle.m in Sources */ = {isa = PBXBuildFile; fileRef = D76AEEC617F8769D0024EA07 /* AldPaddle.m */; };
		D78254D917FF2B7E00F588F6 /* AldShadowedView.m in Sources */ = {isa = PBXBuildFile; fileRef = D78254D817FF2B7E00F588F6 /* AldShadowedView.m */; };
		D7C2D75E17FB2D4A00014263 /* background.jpg in Resources */ = {isa = PBXBuildFile; fileRef = D7C2D75D17FB2D4A00014263 /* background.jpg */; };
		D7C2D76217FB306A00014263 /* UIImageScaling.m in Sources */ = {isa = PBXBuildFile; fileRef = D7C2D76117FB306A00014263 /* UIImageScaling.m */; };
		D7C2D76517FB333D00014263 /* AldScoreView.m in Sources */ = {isa = PBXBuildFile; fileRef = D7C2D76417FB333D00014263 /* AldScoreView.m */; };
		D7C2D76E17FB3E4100014263 /* AldChoiceSelectionViewController.m in Sources */ = {isa = PBXBuildFile; fileRef = D7C2D76D17FB3E4100014263 /* AldChoiceSelectionViewController.m */; };
		D7FDC71817F7912E00D2D8F2 /* AldGameView.m in Sources */ = {isa = PBXBuildFile; fileRef = D7FDC71717F7912E00D2D8F2 /* AldGameView.m */; };
		D7FDC71B17F791C300D2D8F2 /* AldGameViewController.m in Sources */ = {isa = PBXBuildFile; fileRef = D7FDC71A17F791C300D2D8F2 /* AldGameViewController.m */; };
		D7FDC72517F824B200D2D8F2 /* AldModel.m in Sources */ = {isa = PBXBuildFile; fileRef = D7FDC72417F824B100D2D8F2 /* AldModel.m */; };
		D7FDC72A17F830CF00D2D8F2 /* AldBrick.m in Sources */ = {isa = PBXBuildFile; fileRef = D7FDC72917F830CF00D2D8F2 /* AldBrick.m */; };
		D7FDC72D17F8387100D2D8F2 /* AldBrickView.m in Sources */ = {isa = PBXBuildFile; fileRef = D7FDC72C17F8387100D2D8F2 /* AldBrickView.m */; };
/* End PBXBuildFile section */

/* Begin PBXFileReference section */
		D7063A0B17FF2A0000419FFC /* AldPaddleView.h */ = {isa = PBXFileReference; fileEncoding = 4; lastKnownFileType = sourcecode.c.h; path = AldPaddleView.h; sourceTree = "<group>"; };
		D7063A0C17FF2A0000419FFC /* AldPaddleView.m */ = {isa = PBXFileReference; fileEncoding = 4; lastKnownFileType = sourcecode.c.objc; path = AldPaddleView.m; sourceTree = "<group>"; };
		D7063A0E17FF2ACF00419FFC /* paddle.jpg */ = {isa = PBXFileReference; lastKnownFileType = image.jpeg; path = paddle.jpg; sourceTree = "<group>"; };
		D73AAB8317FAF03000DC2B59 /* AldSettingsViewController.h */ = {isa = PBXFileReference; fileEncoding = 4; lastKnownFileType = sourcecode.c.h; path = AldSettingsViewController.h; sourceTree = "<group>"; };
		D73AAB8417FAF03000DC2B59 /* AldSettingsViewController.m */ = {isa = PBXFileReference; fileEncoding = 4; lastKnownFileType = sourcecode.c.objc; path = AldSettingsViewController.m; sourceTree = "<group>"; };
		D745BEAC17FEB54600D11DC2 /* rough.jpg */ = {isa = PBXFileReference; lastKnownFileType = image.jpeg; path = rough.jpg; sourceTree = "<group>"; };
		D745BEAE17FEB78F00D11DC2 /* planet.png */ = {isa = PBXFileReference; lastKnownFileType = image.png; path = planet.png; sourceTree = "<group>"; };
		D745BEB017FEB7B900D11DC2 /* AldBallView.h */ = {isa = PBXFileReference; fileEncoding = 4; lastKnownFileType = sourcecode.c.h; path = AldBallView.h; sourceTree = "<group>"; };
		D745BEB117FEB7B900D11DC2 /* AldBallView.m */ = {isa = PBXFileReference; fileEncoding = 4; lastKnownFileType = sourcecode.c.objc; path = AldBallView.m; sourceTree = "<group>"; };
		D74DA29617F84FAD00DBE019 /* AldBall.h */ = {isa = PBXFileReference; fileEncoding = 4; lastKnownFileType = sourcecode.c.h; path = AldBall.h; sourceTree = "<group>"; };
		D74DA29717F84FAD00DBE019 /* AldBall.m */ = {isa = PBXFileReference; fileEncoding = 4; lastKnownFileType = sourcecode.c.objc; path = AldBall.m; sourceTree = "<group>"; };
		D74DA29917F85A4200DBE019 /* QuartzCore.framework */ = {isa = PBXFileReference; lastKnownFileType = wrapper.framework; name = QuartzCore.framework; path = System/Library/Frameworks/QuartzCore.framework; sourceTree = SDKROOT; };
		D76AEAAA17F5B6CC0075BA5F /* leowic-3_Labb2.app */ = {isa = PBXFileReference; explicitFileType = wrapper.application; includeInIndex = 0; path = "leowic-3_Labb2.app"; sourceTree = BUILT_PRODUCTS_DIR; };
		D76AEAAD17F5B6CC0075BA5F /* UIKit.framework */ = {isa = PBXFileReference; lastKnownFileType = wrapper.framework; name = UIKit.framework; path = System/Library/Frameworks/UIKit.framework; sourceTree = SDKROOT; };
		D76AEAAF17F5B6CC0075BA5F /* Foundation.framework */ = {isa = PBXFileReference; lastKnownFileType = wrapper.framework; name = Foundation.framework; path = System/Library/Frameworks/Foundation.framework; sourceTree = SDKROOT; };
		D76AEAB117F5B6CC0075BA5F /* CoreGraphics.framework */ = {isa = PBXFileReference; lastKnownFileType = wrapper.framework; name = CoreGraphics.framework; path = System/Library/Frameworks/CoreGraphics.framework; sourceTree = SDKROOT; };
		D76AEAB717F5B6CC0075BA5F /* leowic-3_Labb2-Info.plist */ = {isa = PBXFileReference; lastKnownFileType = text.plist.xml; path = "leowic-3_Labb2-Info.plist"; sourceTree = "<group>"; };
		D76AEAB917F5B6CC0075BA5F /* en */ = {isa = PBXFileReference; lastKnownFileType = text.plist.strings; name = en; path = en.lproj/InfoPlist.strings; sourceTree = "<group>"; };
		D76AEABB17F5B6CC0075BA5F /* main.m */ = {isa = PBXFileReference; lastKnownFileType = sourcecode.c.objc; path = main.m; sourceTree = "<group>"; };
		D76AEABD17F5B6CC0075BA5F /* leowic-3_Labb2-Prefix.pch */ = {isa = PBXFileReference; lastKnownFileType = sourcecode.c.h; path = "leowic-3_Labb2-Prefix.pch"; sourceTree = "<group>"; };
		D76AEABE17F5B6CC0075BA5F /* AldAppDelegate.h */ = {isa = PBXFileReference; lastKnownFileType = sourcecode.c.h; path = AldAppDelegate.h; sourceTree = "<group>"; };
		D76AEABF17F5B6CC0075BA5F /* AldAppDelegate.m */ = {isa = PBXFileReference; lastKnownFileType = sourcecode.c.objc; path = AldAppDelegate.m; sourceTree = "<group>"; };
		D76AEAC117F5B6CC0075BA5F /* Default.png */ = {isa = PBXFileReference; lastKnownFileType = image.png; path = Default.png; sourceTree = "<group>"; };
		D76AEAC317F5B6CC0075BA5F /* Default@2x.png */ = {isa = PBXFileReference; lastKnownFileType = image.png; path = "Default@2x.png"; sourceTree = "<group>"; };
		D76AEAC517F5B6CC0075BA5F /* Default-568h@2x.png */ = {isa = PBXFileReference; lastKnownFileType = image.png; path = "Default-568h@2x.png"; sourceTree = "<group>"; };
		D76AEAC817F5B6CC0075BA5F /* en */ = {isa = PBXFileReference; lastKnownFileType = file.storyboard; name = en; path = en.lproj/MainStoryboard.storyboard; sourceTree = "<group>"; };
		D76AEEC517F8769D0024EA07 /* AldPaddle.h */ = {isa = PBXFileReference; fileEncoding = 4; lastKnownFileType = sourcecode.c.h; path = AldPaddle.h; sourceTree = "<group>"; };
		D76AEEC617F8769D0024EA07 /* AldPaddle.m */ = {isa = PBXFileReference; fileEncoding = 4; lastKnownFileType = sourcecode.c.objc; path = AldPaddle.m; sourceTree = "<group>"; };
		D78254D717FF2B7E00F588F6 /* AldShadowedView.h */ = {isa = PBXFileReference; fileEncoding = 4; lastKnownFileType = sourcecode.c.h; path = AldShadowedView.h; sourceTree = "<group>"; };
		D78254D817FF2B7E00F588F6 /* AldShadowedView.m */ = {isa = PBXFileReference; fileEncoding = 4; lastKnownFileType = sourcecode.c.objc; path = AldShadowedView.m; sourceTree = "<group>"; };
		D7C2D75D17FB2D4A00014263 /* background.jpg */ = {isa = PBXFileReference; lastKnownFileType = image.jpeg; path = background.jpg; sourceTree = "<group>"; };
		D7C2D76017FB306A00014263 /* UIImageScaling.h */ = {isa = PBXFileReference; fileEncoding = 4; lastKnownFileType = sourcecode.c.h; path = UIImageScaling.h; sourceTree = "<group>"; };
		D7C2D76117FB306A00014263 /* UIImageScaling.m */ = {isa = PBXFileReference; fileEncoding = 4; lastKnownFileType = sourcecode.c.objc; path = UIImageScaling.m; sourceTree = "<group>"; };
		D7C2D76317FB333D00014263 /* AldScoreView.h */ = {isa = PBXFileReference; fileEncoding = 4; lastKnownFileType = sourcecode.c.h; path = AldScoreView.h; sourceTree = "<group>"; };
		D7C2D76417FB333D00014263 /* AldScoreView.m */ = {isa = PBXFileReference; fileEncoding = 4; lastKnownFileType = sourcecode.c.objc; path = AldScoreView.m; sourceTree = "<group>"; };
		D7C2D76C17FB3E4100014263 /* AldChoiceSelectionViewController.h */ = {isa = PBXFileReference; fileEncoding = 4; lastKnownFileType = sourcecode.c.h; path = AldChoiceSelectionViewController.h; sourceTree = "<group>"; };
		D7C2D76D17FB3E4100014263 /* AldChoiceSelectionViewController.m */ = {isa = PBXFileReference; fileEncoding = 4; lastKnownFileType = sourcecode.c.objc; path = AldChoiceSelectionViewController.m; sourceTree = "<group>"; };
		D7FDC71617F7912E00D2D8F2 /* AldGameView.h */ = {isa = PBXFileReference; fileEncoding = 4; lastKnownFileType = sourcecode.c.h; path = AldGameView.h; sourceTree = "<group>"; };
		D7FDC71717F7912E00D2D8F2 /* AldGameView.m */ = {isa = PBXFileReference; fileEncoding = 4; lastKnownFileType = sourcecode.c.objc; path = AldGameView.m; sourceTree = "<group>"; };
		D7FDC71917F791C300D2D8F2 /* AldGameViewController.h */ = {isa = PBXFileReference; fileEncoding = 4; lastKnownFileType = sourcecode.c.h; path = AldGameViewController.h; sourceTree = "<group>"; };
		D7FDC71A17F791C300D2D8F2 /* AldGameViewController.m */ = {isa = PBXFileReference; fileEncoding = 4; lastKnownFileType = sourcecode.c.objc; path = AldGameViewController.m; sourceTree = "<group>"; };
		D7FDC72217F8239400D2D8F2 /* AldModelDelegate.h */ = {isa = PBXFileReference; lastKnownFileType = sourcecode.c.h; path = AldModelDelegate.h; sourceTree = "<group>"; };
		D7FDC72317F824B100D2D8F2 /* AldModel.h */ = {isa = PBXFileReference; fileEncoding = 4; lastKnownFileType = sourcecode.c.h; path = AldModel.h; sourceTree = "<group>"; };
		D7FDC72417F824B100D2D8F2 /* AldModel.m */ = {isa = PBXFileReference; fileEncoding = 4; lastKnownFileType = sourcecode.c.objc; path = AldModel.m; sourceTree = "<group>"; };
		D7FDC72817F830CF00D2D8F2 /* AldBrick.h */ = {isa = PBXFileReference; fileEncoding = 4; lastKnownFileType = sourcecode.c.h; path = AldBrick.h; sourceTree = "<group>"; };
		D7FDC72917F830CF00D2D8F2 /* AldBrick.m */ = {isa = PBXFileReference; fileEncoding = 4; lastKnownFileType = sourcecode.c.objc; path = AldBrick.m; sourceTree = "<group>"; };
		D7FDC72B17F8387100D2D8F2 /* AldBrickView.h */ = {isa = PBXFileReference; fileEncoding = 4; lastKnownFileType = sourcecode.c.h; path = AldBrickView.h; sourceTree = "<group>"; };
		D7FDC72C17F8387100D2D8F2 /* AldBrickView.m */ = {isa = PBXFileReference; fileEncoding = 4; lastKnownFileType = sourcecode.c.objc; path = AldBrickView.m; sourceTree = "<group>"; };
/* End PBXFileReference section */

/* Begin PBXFrameworksBuildPhase section */
		D76AEAA717F5B6CC0075BA5F /* Frameworks */ = {
			isa = PBXFrameworksBuildPhase;
			buildActionMask = 2147483647;
			files = (
				D74DA29A17F85A4200DBE019 /* QuartzCore.framework in Frameworks */,
				D76AEAAE17F5B6CC0075BA5F /* UIKit.framework in Frameworks */,
				D76AEAB017F5B6CC0075BA5F /* Foundation.framework in Frameworks */,
				D76AEAB217F5B6CC0075BA5F /* CoreGraphics.framework in Frameworks */,
			);
			runOnlyForDeploymentPostprocessing = 0;
		};
/* End PBXFrameworksBuildPhase section */

/* Begin PBXGroup section */
		D76AEAA117F5B6CC0075BA5F = {
			isa = PBXGroup;
			children = (
				D76AEAB517F5B6CC0075BA5F /* leowic-3_Labb2 */,
				D76AEAAC17F5B6CC0075BA5F /* Frameworks */,
				D76AEAAB17F5B6CC0075BA5F /* Products */,
			);
			sourceTree = "<group>";
		};
		D76AEAAB17F5B6CC0075BA5F /* Products */ = {
			isa = PBXGroup;
			children = (
				D76AEAAA17F5B6CC0075BA5F /* leowic-3_Labb2.app */,
			);
			name = Products;
			sourceTree = "<group>";
		};
		D76AEAAC17F5B6CC0075BA5F /* Frameworks */ = {
			isa = PBXGroup;
			children = (
				D74DA29917F85A4200DBE019 /* QuartzCore.framework */,
				D76AEAAD17F5B6CC0075BA5F /* UIKit.framework */,
				D76AEAAF17F5B6CC0075BA5F /* Foundation.framework */,
				D76AEAB117F5B6CC0075BA5F /* CoreGraphics.framework */,
			);
			name = Frameworks;
			sourceTree = "<group>";
		};
		D76AEAB517F5B6CC0075BA5F /* leowic-3_Labb2 */ = {
			isa = PBXGroup;
			children = (
				D7C2D75F17FB303300014263 /* Extensions */,
				D7C2D75C17FB2D4000014263 /* Images */,
				D7FDC71517F7905200D2D8F2 /* Storyboards */,
				D7FDC71417F7903F00D2D8F2 /* Views */,
				D7FDC70E17F78D0D00D2D8F2 /* Controllers */,
				D7FDC70F17F78D0D00D2D8F2 /* Models */,
				D76AEABE17F5B6CC0075BA5F /* AldAppDelegate.h */,
				D76AEABF17F5B6CC0075BA5F /* AldAppDelegate.m */,
				D76AEAB617F5B6CC0075BA5F /* Supporting Files */,
			);
			path = "leowic-3_Labb2";
			sourceTree = "<group>";
		};
		D76AEAB617F5B6CC0075BA5F /* Supporting Files */ = {
			isa = PBXGroup;
			children = (
				D76AEAB717F5B6CC0075BA5F /* leowic-3_Labb2-Info.plist */,
				D76AEAB817F5B6CC0075BA5F /* InfoPlist.strings */,
				D76AEABB17F5B6CC0075BA5F /* main.m */,
				D76AEABD17F5B6CC0075BA5F /* leowic-3_Labb2-Prefix.pch */,
				D76AEAC117F5B6CC0075BA5F /* Default.png */,
				D76AEAC317F5B6CC0075BA5F /* Default@2x.png */,
				D76AEAC517F5B6CC0075BA5F /* Default-568h@2x.png */,
			);
			name = "Supporting Files";
			sourceTree = "<group>";
		};
		D7C2D75C17FB2D4000014263 /* Images */ = {
			isa = PBXGroup;
			children = (
				D7063A0E17FF2ACF00419FFC /* paddle.jpg */,
				D745BEAE17FEB78F00D11DC2 /* planet.png */,
				D745BEAC17FEB54600D11DC2 /* rough.jpg */,
				D7C2D75D17FB2D4A00014263 /* background.jpg */,
			);
			path = Images;
			sourceTree = "<group>";
		};
		D7C2D75F17FB303300014263 /* Extensions */ = {
			isa = PBXGroup;
			children = (
				D7C2D76017FB306A00014263 /* UIImageScaling.h */,
				D7C2D76117FB306A00014263 /* UIImageScaling.m */,
			);
			path = Extensions;
			sourceTree = "<group>";
		};
		D7FDC70E17F78D0D00D2D8F2 /* Controllers */ = {
			isa = PBXGroup;
			children = (
				D7FDC71917F791C300D2D8F2 /* AldGameViewController.h */,
				D7FDC71A17F791C300D2D8F2 /* AldGameViewController.m */,
				D73AAB8317FAF03000DC2B59 /* AldSettingsViewController.h */,
				D73AAB8417FAF03000DC2B59 /* AldSettingsViewController.m */,
				D7C2D76C17FB3E4100014263 /* AldChoiceSelectionViewController.h */,
				D7C2D76D17FB3E4100014263 /* AldChoiceSelectionViewController.m */,
			);
			path = Controllers;
			sourceTree = "<group>";
		};
		D7FDC70F17F78D0D00D2D8F2 /* Models */ = {
			isa = PBXGroup;
			children = (
				D7FDC72717F830C000D2D8F2 /* Entitites */,
				D7FDC72217F8239400D2D8F2 /* AldModelDelegate.h */,
				D7FDC72317F824B100D2D8F2 /* AldModel.h */,
				D7FDC72417F824B100D2D8F2 /* AldModel.m */,
			);
			path = Models;
			sourceTree = "<group>";
		};
		D7FDC71417F7903F00D2D8F2 /* Views */ = {
			isa = PBXGroup;
			children = (
				D7FDC71617F7912E00D2D8F2 /* AldGameView.h */,
				D7FDC71717F7912E00D2D8F2 /* AldGameView.m */,
				D7FDC72B17F8387100D2D8F2 /* AldBrickView.h */,
				D7FDC72C17F8387100D2D8F2 /* AldBrickView.m */,
				D7C2D76317FB333D00014263 /* AldScoreView.h */,
				D7C2D76417FB333D00014263 /* AldScoreView.m */,
				D745BEB017FEB7B900D11DC2 /* AldBallView.h */,
				D745BEB117FEB7B900D11DC2 /* AldBallView.m */,
				D7063A0B17FF2A0000419FFC /* AldPaddleView.h */,
				D7063A0C17FF2A0000419FFC /* AldPaddleView.m */,
				D78254D717FF2B7E00F588F6 /* AldShadowedView.h */,
				D78254D817FF2B7E00F588F6 /* AldShadowedView.m */,
			);
			path = Views;
			sourceTree = "<group>";
		};
		D7FDC71517F7905200D2D8F2 /* Storyboards */ = {
			isa = PBXGroup;
			children = (
				D76AEAC717F5B6CC0075BA5F /* MainStoryboard.storyboard */,
			);
			name = Storyboards;
			sourceTree = "<group>";
		};
		D7FDC72717F830C000D2D8F2 /* Entitites */ = {
			isa = PBXGroup;
			children = (
				D7FDC72817F830CF00D2D8F2 /* AldBrick.h */,
				D7FDC72917F830CF00D2D8F2 /* AldBrick.m */,
				D74DA29617F84FAD00DBE019 /* AldBall.h */,
				D74DA29717F84FAD00DBE019 /* AldBall.m */,
				D76AEEC517F8769D0024EA07 /* AldPaddle.h */,
				D76AEEC617F8769D0024EA07 /* AldPaddle.m */,
			);
			path = Entitites;
			sourceTree = "<group>";
		};
/* End PBXGroup section */

/* Begin PBXNativeTarget section */
		D76AEAA917F5B6CC0075BA5F /* leowic-3_Labb2 */ = {
			isa = PBXNativeTarget;
			buildConfigurationList = D76AEAD517F5B6CC0075BA5F /* Build configuration list for PBXNativeTarget "leowic-3_Labb2" */;
			buildPhases = (
				D76AEAA617F5B6CC0075BA5F /* Sources */,
				D76AEAA717F5B6CC0075BA5F /* Frameworks */,
				D76AEAA817F5B6CC0075BA5F /* Resources */,
			);
			buildRules = (
			);
			dependencies = (
			);
			name = "leowic-3_Labb2";
			productName = "leowic-3_Labb2";
			productReference = D76AEAAA17F5B6CC0075BA5F /* leowic-3_Labb2.app */;
			productType = "com.apple.product-type.application";
		};
/* End PBXNativeTarget section */

/* Begin PBXProject section */
		D76AEAA217F5B6CC0075BA5F /* Project object */ = {
			isa = PBXProject;
			attributes = {
				CLASSPREFIX = Ald;
				LastUpgradeCheck = 0460;
				ORGANIZATIONNAME = LTU;
			};
			buildConfigurationList = D76AEAA517F5B6CC0075BA5F /* Build configuration list for PBXProject "leowic-3_Labb2" */;
			compatibilityVersion = "Xcode 3.2";
			developmentRegion = English;
			hasScannedForEncodings = 0;
			knownRegions = (
				en,
			);
			mainGroup = D76AEAA117F5B6CC0075BA5F;
			productRefGroup = D76AEAAB17F5B6CC0075BA5F /* Products */;
			projectDirPath = "";
			projectRoot = "";
			targets = (
				D76AEAA917F5B6CC0075BA5F /* leowic-3_Labb2 */,
			);
		};
/* End PBXProject section */

/* Begin PBXResourcesBuildPhase section */
		D76AEAA817F5B6CC0075BA5F /* Resources */ = {
			isa = PBXResourcesBuildPhase;
			buildActionMask = 2147483647;
			files = (
				D76AEABA17F5B6CC0075BA5F /* InfoPlist.strings in Resources */,
				D76AEAC217F5B6CC0075BA5F /* Default.png in Resources */,
				D76AEAC417F5B6CC0075BA5F /* Default@2x.png in Resources */,
				D76AEAC617F5B6CC0075BA5F /* Default-568h@2x.png in Resources */,
				D76AEAC917F5B6CC0075BA5F /* MainStoryboard.storyboard in Resources */,
				D7C2D75E17FB2D4A00014263 /* background.jpg in Resources */,
				D745BEAD17FEB54600D11DC2 /* rough.jpg in Resources */,
				D745BEAF17FEB78F00D11DC2 /* planet.png in Resources */,
				D7063A0F17FF2ACF00419FFC /* paddle.jpg in Resources */,
			);
			runOnlyForDeploymentPostprocessing = 0;
		};
/* End PBXResourcesBuildPhase section */

/* Begin PBXSourcesBuildPhase section */
		D76AEAA617F5B6CC0075BA5F /* Sources */ = {
			isa = PBXSourcesBuildPhase;
			buildActionMask = 2147483647;
			files = (
				D76AEABC17F5B6CC0075BA5F /* main.m in Sources */,
				D76AEAC017F5B6CC0075BA5F /* AldAppDelegate.m in Sources */,
				D7FDC71817F7912E00D2D8F2 /* AldGameView.m in Sources */,
				D7FDC71B17F791C300D2D8F2 /* AldGameViewController.m in Sources */,
				D7FDC72517F824B200D2D8F2 /* AldModel.m in Sources */,
				D7FDC72A17F830CF00D2D8F2 /* AldBrick.m in Sources */,
				D7FDC72D17F8387100D2D8F2 /* AldBrickView.m in Sources */,
				D74DA29817F84FAD00DBE019 /* AldBall.m in Sources */,
				D76AEEC717F8769D0024EA07 /* AldPaddle.m in Sources */,
				D73AAB8517FAF03000DC2B59 /* AldSettingsViewController.m in Sources */,
				D7C2D76217FB306A00014263 /* UIImageScaling.m in Sources */,
				D7C2D76517FB333D00014263 /* AldScoreView.m in Sources */,
				D7C2D76E17FB3E4100014263 /* AldChoiceSelectionViewController.m in Sources */,
				D745BEB217FEB7B900D11DC2 /* AldBallView.m in Sources */,
				D7063A0D17FF2A0000419FFC /* AldPaddleView.m in Sources */,
				D78254D917FF2B7E00F588F6 /* AldShadowedView.m in Sources */,
			);
			runOnlyForDeploymentPostprocessing = 0;
		};
/* End PBXSourcesBuildPhase section */

/* Begin PBXVariantGroup section */
		D76AEAB817F5B6CC0075BA5F /* InfoPlist.strings */ = {
			isa = PBXVariantGroup;
			children = (
				D76AEAB917F5B6CC0075BA5F /* en */,
			);
			name = InfoPlist.strings;
			sourceTree = "<group>";
		};
		D76AEAC717F5B6CC0075BA5F /* MainStoryboard.storyboard */ = {
			isa = PBXVariantGroup;
			children = (
				D76AEAC817F5B6CC0075BA5F /* en */,
			);
			name = MainStoryboard.storyboard;
			sourceTree = "<group>";
		};
/* End PBXVariantGroup section */

/* Begin XCBuildConfiguration section */
		D76AEAD317F5B6CC0075BA5F /* Debug */ = {
			isa = XCBuildConfiguration;
			buildSettings = {
				ALWAYS_SEARCH_USER_PATHS = NO;
				CLANG_CXX_LANGUAGE_STANDARD = "gnu++0x";
				CLANG_CXX_LIBRARY = "libc++";
				CLANG_ENABLE_OBJC_ARC = YES;
				CLANG_WARN_CONSTANT_CONVERSION = YES;
				CLANG_WARN_EMPTY_BODY = YES;
				CLANG_WARN_ENUM_CONVERSION = YES;
				CLANG_WARN_INT_CONVERSION = YES;
				CLANG_WARN__DUPLICATE_METHOD_MATCH = YES;
				"CODE_SIGN_IDENTITY[sdk=iphoneos*]" = "iPhone Developer";
				COPY_PHASE_STRIP = NO;
				GCC_C_LANGUAGE_STANDARD = gnu99;
				GCC_DYNAMIC_NO_PIC = NO;
				GCC_OPTIMIZATION_LEVEL = 0;
				GCC_PREPROCESSOR_DEFINITIONS = (
					"DEBUG=1",
					"$(inherited)",
				);
				GCC_SYMBOLS_PRIVATE_EXTERN = NO;
				GCC_WARN_ABOUT_RETURN_TYPE = YES;
				GCC_WARN_UNINITIALIZED_AUTOS = YES;
				GCC_WARN_UNUSED_VARIABLE = YES;
				IPHONEOS_DEPLOYMENT_TARGET = 6.1;
				ONLY_ACTIVE_ARCH = YES;
				SDKROOT = iphoneos;
			};
			name = Debug;
		};
		D76AEAD417F5B6CC0075BA5F /* Release */ = {
			isa = XCBuildConfiguration;
			buildSettings = {
				ALWAYS_SEARCH_USER_PATHS = NO;
				CLANG_CXX_LANGUAGE_STANDARD = "gnu++0x";
				CLANG_CXX_LIBRARY = "libc++";
				CLANG_ENABLE_OBJC_ARC = YES;
				CLANG_WARN_CONSTANT_CONVERSION = YES;
				CLANG_WARN_EMPTY_BODY = YES;
				CLANG_WARN_ENUM_CONVERSION = YES;
				CLANG_WARN_INT_CONVERSION = YES;
				CLANG_WARN__DUPLICATE_METHOD_MATCH = YES;
				"CODE_SIGN_IDENTITY[sdk=iphoneos*]" = "iPhone Developer";
				COPY_PHASE_STRIP = YES;
				GCC_C_LANGUAGE_STANDARD = gnu99;
				GCC_WARN_ABOUT_RETURN_TYPE = YES;
				GCC_WARN_UNINITIALIZED_AUTOS = YES;
				GCC_WARN_UNUSED_VARIABLE = YES;
				IPHONEOS_DEPLOYMENT_TARGET = 6.1;
				OTHER_CFLAGS = "-DNS_BLOCK_ASSERTIONS=1";
				SDKROOT = iphoneos;
				VALIDATE_PRODUCT = YES;
			};
			name = Release;
		};
		D76AEAD617F5B6CC0075BA5F /* Debug */ = {
			isa = XCBuildConfiguration;
			buildSettings = {
				GCC_PRECOMPILE_PREFIX_HEADER = YES;
				GCC_PREFIX_HEADER = "leowic-3_Labb2/leowic-3_Labb2-Prefix.pch";
				INFOPLIST_FILE = "leowic-3_Labb2/leowic-3_Labb2-Info.plist";
				PRODUCT_NAME = "$(TARGET_NAME)";
				WRAPPER_EXTENSION = app;
			};
			name = Debug;
		};
		D76AEAD717F5B6CC0075BA5F /* Release */ = {
			isa = XCBuildConfiguration;
			buildSettings = {
				GCC_PRECOMPILE_PREFIX_HEADER = YES;
				GCC_PREFIX_HEADER = "leowic-3_Labb2/leowic-3_Labb2-Prefix.pch";
				INFOPLIST_FILE = "leowic-3_Labb2/leowic-3_Labb2-Info.plist";
				PRODUCT_NAME = "$(TARGET_NAME)";
				WRAPPER_EXTENSION = app;
			};
			name = Release;
		};
/* End XCBuildConfiguration section */

/* Begin XCConfigurationList section */
		D76AEAA517F5B6CC0075BA5F /* Build configuration list for PBXProject "leowic-3_Labb2" */ = {
			isa = XCConfigurationList;
			buildConfigurations = (
				D76AEAD317F5B6CC0075BA5F /* Debug */,
				D76AEAD417F5B6CC0075BA5F /* Release */,
			);
			defaultConfigurationIsVisible = 0;
			defaultConfigurationName = Release;
		};
		D76AEAD517F5B6CC0075BA5F /* Build configuration list for PBXNativeTarget "leowic-3_Labb2" */ = {
			isa = XCConfigurationList;
			buildConfigurations = (
				D76AEAD617F5B6CC0075BA5F /* Debug */,
				D76AEAD717F5B6CC0075BA5F /* Release */,
			);
			defaultConfigurationIsVisible = 0;
			defaultConfigurationName = Release;
		};
/* End XCConfigurationList section */
	};
	rootObject = D76AEAA217F5B6CC0075BA5F /* Project object */;
}
